{
  "name": "prism-v2-test",
  "lockfileVersion": 2,
  "requires": true,
  "packages": {
    "": {
      "dependencies": {
        "prismjs": "github:trusktr/prism#simple-esm"
      }
    },
    "node_modules/prismjs": {
      "version": "1.29.0",
      "resolved": "git+ssh://git@github.com/trusktr/prism.git#3486a8e48a085bf962a13d524473197a9e08513e",
      "license": "MIT",
      "engines": {
        "node": ">=14"
      }
    }
  },
  "dependencies": {
    "prismjs": {
      "version": "git+ssh://git@github.com/trusktr/prism.git#3486a8e48a085bf962a13d524473197a9e08513e",
      "from": "prismjs@github:trusktr/prism#simple-esm"
    }
  }
}
