{
  "name": "prism-v2-test",
  "lockfileVersion": 2,
  "requires": true,
  "packages": {
    "": {
      "dependencies": {
        "prismjs": "github:trusktr/prism#patch-1"
      }
    },
    "node_modules/prismjs": {
      "version": "1.29.0",
      "resolved": "git+ssh://git@github.com/trusktr/prism.git#f78f1e81cce1f10136cadae15a57b0288d867fac",
      "license": "MIT",
      "engines": {
        "node": ">=14"
      }
    }
  },
  "dependencies": {
    "prismjs": {
      "version": "git+ssh://git@github.com/trusktr/prism.git#f78f1e81cce1f10136cadae15a57b0288d867fac",
      "from": "prismjs@github:trusktr/prism#patch-1"
    }
  }
}
